
Microsoft Visual Studio Solution File, Format Version 12.00
# Visual Studio Version 17
VisualStudioVersion = 17.2.32616.157
MinimumVisualStudioVersion = 10.0.40219.1
Project("{9A19103F-16F7-4668-BE54-9A1E7A4F7556}") = "TelegramMemberShipBot_CryptoPayments", "TelegramMemberShipBot_CryptoPayments\TelegramMemberShipBot_CryptoPayments.csproj", "{30B6C338-C945-4D44-A19A-8799000F388D}"
EndProject
Global
	GlobalSection(SolutionConfigurationPlatforms) = preSolution
		Debug|Any CPU = Debug|Any CPU
		Release|Any CPU = Release|Any CPU
	EndGlobalSection
	GlobalSection(ProjectConfigurationPlatforms) = postSolution
		{30B6C338-C945-4D44-A19A-8799000F388D}.Debug|Any CPU.ActiveCfg = Debug|Any CPU
		{30B6C338-C945-4D44-A19A-8799000F388D}.Debug|Any CPU.Build.0 = Debug|Any CPU
		{30B6C338-C945-4D44-A19A-8799000F388D}.Release|Any CPU.ActiveCfg = Release|Any CPU
		{30B6C338-C945-4D44-A19A-8799000F388D}.Release|Any CPU.Build.0 = Release|Any CPU
	EndGlobalSection
	GlobalSection(SolutionProperties) = preSolution
		HideSolutionNode = FALSE
	EndGlobalSection
	GlobalSection(ExtensibilityGlobals) = postSolution
		SolutionGuid = {99EB876D-BF8C-4011-9979-5503A835ABF1}
	EndGlobalSection
EndGlobal
